{
  "nodes": {
    "nixpkgs": {
      "locked": {
        "lastModified": 1722166619,
        "narHash": "sha256-bA2n89V9RhdTATbcNsw89bGBmAF0YfrVIMV+w2WpTB4=",
        "owner": "NixOS",
        "repo": "nixpkgs",
        "rev": "4d10225ee46c0ab16332a2450b493e0277d1741a",
        "type": "github"
      },
      "original": {
        "owner": "NixOS",
        "repo": "nixpkgs",
        "rev": "4d10225ee46c0ab16332a2450b493e0277d1741a",
        "type": "github"
      }
    },
    "root": {
      "inputs": {
        "nixpkgs": "nixpkgs"
      }
    }
  },
  "root": "root",
  "version": 7
}
